
Microsoft Visual Studio Solution File, Format Version 12.00
# Visual Studio Version 17
VisualStudioVersion = 17.0.31903.59
MinimumVisualStudioVersion = 10.0.40219.1
Project("{2150E333-8FDC-42A3-9474-1A3956D46DE8}") = "src", "src", "{827E0CD3-B72D-47B6-A68D-7590B98EB39B}"
EndProject
Project("{FAE04EC0-301F-11D3-BF4B-00C04F79EFBC}") = "AuctionService", "src\AuctionService\AuctionService.csproj", "{ED1A6A9C-6A38-4B3D-B4EB-9E8746FE4BD9}"
EndProject
Project("{FAE04EC0-301F-11D3-BF4B-00C04F79EFBC}") = "SearchService", "src\SearchService\SearchService.csproj", "{E8B1CD92-E8EE-4E6D-B1CD-1C93ED6E0D63}"
EndProject
Project("{2150E333-8FDC-42A3-9474-1A3956D46DE8}") = "contracts", "contracts", "{FFBE31B8-50B9-B415-22BC-2F92C97CADA3}"
EndProject
Project("{FAE04EC0-301F-11D3-BF4B-00C04F79EFBC}") = "Contracts", "src\contracts\Contracts.csproj", "{CE916BF0-5C91-4252-A825-B2677D40E3C3}"
EndProject
Project("{FAE04EC0-301F-11D3-BF4B-00C04F79EFBC}") = "IdentityService", "src\IdentityService\IdentityService.csproj", "{2FE6FAEF-32DE-467E-ABB8-33E6BF6AA6BB}"
EndProject
Project("{FAE04EC0-301F-11D3-BF4B-00C04F79EFBC}") = "GatewayService", "src\GatewayService\GatewayService.csproj", "{9F0DB21E-3F6D-4605-8D38-CEAB0C08FF75}"
EndProject
Global
	GlobalSection(SolutionConfigurationPlatforms) = preSolution
		Debug|Any CPU = Debug|Any CPU
		Debug|x64 = Debug|x64
		Debug|x86 = Debug|x86
		Release|Any CPU = Release|Any CPU
		Release|x64 = Release|x64
		Release|x86 = Release|x86
	EndGlobalSection
	GlobalSection(ProjectConfigurationPlatforms) = postSolution
		{ED1A6A9C-6A38-4B3D-B4EB-9E8746FE4BD9}.Debug|Any CPU.ActiveCfg = Debug|Any CPU
		{ED1A6A9C-6A38-4B3D-B4EB-9E8746FE4BD9}.Debug|Any CPU.Build.0 = Debug|Any CPU
		{ED1A6A9C-6A38-4B3D-B4EB-9E8746FE4BD9}.Debug|x64.ActiveCfg = Debug|Any CPU
		{ED1A6A9C-6A38-4B3D-B4EB-9E8746FE4BD9}.Debug|x64.Build.0 = Debug|Any CPU
		{ED1A6A9C-6A38-4B3D-B4EB-9E8746FE4BD9}.Debug|x86.ActiveCfg = Debug|Any CPU
		{ED1A6A9C-6A38-4B3D-B4EB-9E8746FE4BD9}.Debug|x86.Build.0 = Debug|Any CPU
		{ED1A6A9C-6A38-4B3D-B4EB-9E8746FE4BD9}.Release|Any CPU.ActiveCfg = Release|Any CPU
		{ED1A6A9C-6A38-4B3D-B4EB-9E8746FE4BD9}.Release|Any CPU.Build.0 = Release|Any CPU
		{ED1A6A9C-6A38-4B3D-B4EB-9E8746FE4BD9}.Release|x64.ActiveCfg = Release|Any CPU
		{ED1A6A9C-6A38-4B3D-B4EB-9E8746FE4BD9}.Release|x64.Build.0 = Release|Any CPU
		{ED1A6A9C-6A38-4B3D-B4EB-9E8746FE4BD9}.Release|x86.ActiveCfg = Release|Any CPU
		{ED1A6A9C-6A38-4B3D-B4EB-9E8746FE4BD9}.Release|x86.Build.0 = Release|Any CPU
		{E8B1CD92-E8EE-4E6D-B1CD-1C93ED6E0D63}.Debug|Any CPU.ActiveCfg = Debug|Any CPU
		{E8B1CD92-E8EE-4E6D-B1CD-1C93ED6E0D63}.Debug|Any CPU.Build.0 = Debug|Any CPU
		{E8B1CD92-E8EE-4E6D-B1CD-1C93ED6E0D63}.Debug|x64.ActiveCfg = Debug|Any CPU
		{E8B1CD92-E8EE-4E6D-B1CD-1C93ED6E0D63}.Debug|x64.Build.0 = Debug|Any CPU
		{E8B1CD92-E8EE-4E6D-B1CD-1C93ED6E0D63}.Debug|x86.ActiveCfg = Debug|Any CPU
		{E8B1CD92-E8EE-4E6D-B1CD-1C93ED6E0D63}.Debug|x86.Build.0 = Debug|Any CPU
		{E8B1CD92-E8EE-4E6D-B1CD-1C93ED6E0D63}.Release|Any CPU.ActiveCfg = Release|Any CPU
		{E8B1CD92-E8EE-4E6D-B1CD-1C93ED6E0D63}.Release|Any CPU.Build.0 = Release|Any CPU
		{E8B1CD92-E8EE-4E6D-B1CD-1C93ED6E0D63}.Release|x64.ActiveCfg = Release|Any CPU
		{E8B1CD92-E8EE-4E6D-B1CD-1C93ED6E0D63}.Release|x64.Build.0 = Release|Any CPU
		{E8B1CD92-E8EE-4E6D-B1CD-1C93ED6E0D63}.Release|x86.ActiveCfg = Release|Any CPU
		{E8B1CD92-E8EE-4E6D-B1CD-1C93ED6E0D63}.Release|x86.Build.0 = Release|Any CPU
		{CE916BF0-5C91-4252-A825-B2677D40E3C3}.Debug|Any CPU.ActiveCfg = Debug|Any CPU
		{CE916BF0-5C91-4252-A825-B2677D40E3C3}.Debug|Any CPU.Build.0 = Debug|Any CPU
		{CE916BF0-5C91-4252-A825-B2677D40E3C3}.Debug|x64.ActiveCfg = Debug|Any CPU
		{CE916BF0-5C91-4252-A825-B2677D40E3C3}.Debug|x64.Build.0 = Debug|Any CPU
		{CE916BF0-5C91-4252-A825-B2677D40E3C3}.Debug|x86.ActiveCfg = Debug|Any CPU
		{CE916BF0-5C91-4252-A825-B2677D40E3C3}.Debug|x86.Build.0 = Debug|Any CPU
		{CE916BF0-5C91-4252-A825-B2677D40E3C3}.Release|Any CPU.ActiveCfg = Release|Any CPU
		{CE916BF0-5C91-4252-A825-B2677D40E3C3}.Release|Any CPU.Build.0 = Release|Any CPU
		{CE916BF0-5C91-4252-A825-B2677D40E3C3}.Release|x64.ActiveCfg = Release|Any CPU
		{CE916BF0-5C91-4252-A825-B2677D40E3C3}.Release|x64.Build.0 = Release|Any CPU
		{CE916BF0-5C91-4252-A825-B2677D40E3C3}.Release|x86.ActiveCfg = Release|Any CPU
		{CE916BF0-5C91-4252-A825-B2677D40E3C3}.Release|x86.Build.0 = Release|Any CPU
		{2FE6FAEF-32DE-467E-ABB8-33E6BF6AA6BB}.Debug|Any CPU.ActiveCfg = Debug|Any CPU
		{2FE6FAEF-32DE-467E-ABB8-33E6BF6AA6BB}.Debug|Any CPU.Build.0 = Debug|Any CPU
		{2FE6FAEF-32DE-467E-ABB8-33E6BF6AA6BB}.Debug|x64.ActiveCfg = Debug|Any CPU
		{2FE6FAEF-32DE-467E-ABB8-33E6BF6AA6BB}.Debug|x64.Build.0 = Debug|Any CPU
		{2FE6FAEF-32DE-467E-ABB8-33E6BF6AA6BB}.Debug|x86.ActiveCfg = Debug|Any CPU
		{2FE6FAEF-32DE-467E-ABB8-33E6BF6AA6BB}.Debug|x86.Build.0 = Debug|Any CPU
		{2FE6FAEF-32DE-467E-ABB8-33E6BF6AA6BB}.Release|Any CPU.ActiveCfg = Release|Any CPU
		{2FE6FAEF-32DE-467E-ABB8-33E6BF6AA6BB}.Release|Any CPU.Build.0 = Release|Any CPU
		{2FE6FAEF-32DE-467E-ABB8-33E6BF6AA6BB}.Release|x64.ActiveCfg = Release|Any CPU
		{2FE6FAEF-32DE-467E-ABB8-33E6BF6AA6BB}.Release|x64.Build.0 = Release|Any CPU
		{2FE6FAEF-32DE-467E-ABB8-33E6BF6AA6BB}.Release|x86.ActiveCfg = Release|Any CPU
		{2FE6FAEF-32DE-467E-ABB8-33E6BF6AA6BB}.Release|x86.Build.0 = Release|Any CPU
		{9F0DB21E-3F6D-4605-8D38-CEAB0C08FF75}.Debug|Any CPU.ActiveCfg = Debug|Any CPU
		{9F0DB21E-3F6D-4605-8D38-CEAB0C08FF75}.Debug|Any CPU.Build.0 = Debug|Any CPU
		{9F0DB21E-3F6D-4605-8D38-CEAB0C08FF75}.Debug|x64.ActiveCfg = Debug|Any CPU
		{9F0DB21E-3F6D-4605-8D38-CEAB0C08FF75}.Debug|x64.Build.0 = Debug|Any CPU
		{9F0DB21E-3F6D-4605-8D38-CEAB0C08FF75}.Debug|x86.ActiveCfg = Debug|Any CPU
		{9F0DB21E-3F6D-4605-8D38-CEAB0C08FF75}.Debug|x86.Build.0 = Debug|Any CPU
		{9F0DB21E-3F6D-4605-8D38-CEAB0C08FF75}.Release|Any CPU.ActiveCfg = Release|Any CPU
		{9F0DB21E-3F6D-4605-8D38-CEAB0C08FF75}.Release|Any CPU.Build.0 = Release|Any CPU
		{9F0DB21E-3F6D-4605-8D38-CEAB0C08FF75}.Release|x64.ActiveCfg = Release|Any CPU
		{9F0DB21E-3F6D-4605-8D38-CEAB0C08FF75}.Release|x64.Build.0 = Release|Any CPU
		{9F0DB21E-3F6D-4605-8D38-CEAB0C08FF75}.Release|x86.ActiveCfg = Release|Any CPU
		{9F0DB21E-3F6D-4605-8D38-CEAB0C08FF75}.Release|x86.Build.0 = Release|Any CPU
	EndGlobalSection
	GlobalSection(SolutionProperties) = preSolution
		HideSolutionNode = FALSE
	EndGlobalSection
	GlobalSection(NestedProjects) = preSolution
		{ED1A6A9C-6A38-4B3D-B4EB-9E8746FE4BD9} = {827E0CD3-B72D-47B6-A68D-7590B98EB39B}
		{E8B1CD92-E8EE-4E6D-B1CD-1C93ED6E0D63} = {827E0CD3-B72D-47B6-A68D-7590B98EB39B}
		{FFBE31B8-50B9-B415-22BC-2F92C97CADA3} = {827E0CD3-B72D-47B6-A68D-7590B98EB39B}
		{CE916BF0-5C91-4252-A825-B2677D40E3C3} = {FFBE31B8-50B9-B415-22BC-2F92C97CADA3}
		{2FE6FAEF-32DE-467E-ABB8-33E6BF6AA6BB} = {827E0CD3-B72D-47B6-A68D-7590B98EB39B}
		{9F0DB21E-3F6D-4605-8D38-CEAB0C08FF75} = {827E0CD3-B72D-47B6-A68D-7590B98EB39B}
	EndGlobalSection
EndGlobal
